// !$*UTF8*$!
{
	archiveVersion = 1;
	classes = {
	};
	objectVersion = 51;
	objects = {

/* Begin PBXBuildFile section */
		2BC506DA84227BDBE4732415 /* Pods_NavTest.framework in Frameworks */ = {isa = PBXBuildFile; fileRef = 9E17296AFF48D6F4F35C1586 /* Pods_NavTest.framework */; };
		A52E7C642625171E006A2997 /* AppDelegate.swift in Sources */ = {isa = PBXBuildFile; fileRef = A52E7C632625171E006A2997 /* AppDelegate.swift */; };
		A52E7C6D26251721006A2997 /* Assets.xcassets in Resources */ = {isa = PBXBuildFile; fileRef = A52E7C6C26251721006A2997 /* Assets.xcassets */; };
		A52E7C7026251721006A2997 /* LaunchScreen.storyboard in Resources */ = {isa = PBXBuildFile; fileRef = A52E7C6E26251721006A2997 /* LaunchScreen.storyboard */; };
		A52E7C7A2625176B006A2997 /* MainVC.swift in Sources */ = {isa = PBXBuildFile; fileRef = A52E7C792625176B006A2997 /* MainVC.swift */; };
		A5563CCB26252411008A38EF /* DTProgressBar.swift in Sources */ = {isa = PBXBuildFile; fileRef = A5563CCA26252411008A38EF /* DTProgressBar.swift */; };
		A5563CCE2625410C008A38EF /* SubVC.swift in Sources */ = {isa = PBXBuildFile; fileRef = A5563CCD2625410C008A38EF /* SubVC.swift */; };
/* End PBXBuildFile section */

/* Begin PBXFileReference section */
		8541DAD66371DF4519D611F7 /* Pods-NavTest.debug.xcconfig */ = {isa = PBXFileReference; includeInIndex = 1; lastKnownFileType = text.xcconfig; name = "Pods-NavTest.debug.xcconfig"; path = "Target Support Files/Pods-NavTest/Pods-NavTest.debug.xcconfig"; sourceTree = "<group>"; };
		9E17296AFF48D6F4F35C1586 /* Pods_NavTest.framework */ = {isa = PBXFileReference; explicitFileType = wrapper.framework; includeInIndex = 0; path = Pods_NavTest.framework; sourceTree = BUILT_PRODUCTS_DIR; };
		A52E7C602625171E006A2997 /* NavTest.app */ = {isa = PBXFileReference; explicitFileType = wrapper.application; includeInIndex = 0; path = NavTest.app; sourceTree = BUILT_PRODUCTS_DIR; };
		A52E7C632625171E006A2997 /* AppDelegate.swift */ = {isa = PBXFileReference; lastKnownFileType = sourcecode.swift; path = AppDelegate.swift; sourceTree = "<group>"; };
		A52E7C6C26251721006A2997 /* Assets.xcassets */ = {isa = PBXFileReference; lastKnownFileType = folder.assetcatalog; path = Assets.xcassets; sourceTree = "<group>"; };
		A52E7C6F26251721006A2997 /* Base */ = {isa = PBXFileReference; lastKnownFileType = file.storyboard; name = Base; path = Base.lproj/LaunchScreen.storyboard; sourceTree = "<group>"; };
		A52E7C7126251721006A2997 /* Info.plist */ = {isa = PBXFileReference; lastKnownFileType = text.plist.xml; path = Info.plist; sourceTree = "<group>"; };
		A52E7C792625176B006A2997 /* MainVC.swift */ = {isa = PBXFileReference; lastKnownFileType = sourcecode.swift; path = MainVC.swift; sourceTree = "<group>"; };
		A5563CCA26252411008A38EF /* DTProgressBar.swift */ = {isa = PBXFileReference; lastKnownFileType = sourcecode.swift; path = DTProgressBar.swift; sourceTree = "<group>"; };
		A5563CCD2625410C008A38EF /* SubVC.swift */ = {isa = PBXFileReference; lastKnownFileType = sourcecode.swift; path = SubVC.swift; sourceTree = "<group>"; };
		B12BCACBC130C75F08BEC382 /* Pods-NavTest.release.xcconfig */ = {isa = PBXFileReference; includeInIndex = 1; lastKnownFileType = text.xcconfig; name = "Pods-NavTest.release.xcconfig"; path = "Target Support Files/Pods-NavTest/Pods-NavTest.release.xcconfig"; sourceTree = "<group>"; };
/* End PBXFileReference section */

/* Begin PBXFrameworksBuildPhase section */
		A52E7C5D2625171E006A2997 /* Frameworks */ = {
			isa = PBXFrameworksBuildPhase;
			buildActionMask = 2147483647;
			files = (
				2BC506DA84227BDBE4732415 /* Pods_NavTest.framework in Frameworks */,
			);
			runOnlyForDeploymentPostprocessing = 0;
		};
/* End PBXFrameworksBuildPhase section */

/* Begin PBXGroup section */
		3B182E65758D32CEBDC1976C /* Frameworks */ = {
			isa = PBXGroup;
			children = (
				9E17296AFF48D6F4F35C1586 /* Pods_NavTest.framework */,
			);
			name = Frameworks;
			sourceTree = "<group>";
		};
		8D116B3DBAE186CC96123A0B /* Pods */ = {
			isa = PBXGroup;
			children = (
				8541DAD66371DF4519D611F7 /* Pods-NavTest.debug.xcconfig */,
				B12BCACBC130C75F08BEC382 /* Pods-NavTest.release.xcconfig */,
			);
			path = Pods;
			sourceTree = "<group>";
		};
		A52E7C572625171E006A2997 = {
			isa = PBXGroup;
			children = (
				A52E7C622625171E006A2997 /* NavTest */,
				A52E7C612625171E006A2997 /* Products */,
				8D116B3DBAE186CC96123A0B /* Pods */,
				3B182E65758D32CEBDC1976C /* Frameworks */,
			);
			sourceTree = "<group>";
		};
		A52E7C612625171E006A2997 /* Products */ = {
			isa = PBXGroup;
			children = (
				A52E7C602625171E006A2997 /* NavTest.app */,
			);
			name = Products;
			sourceTree = "<group>";
		};
		A52E7C622625171E006A2997 /* NavTest */ = {
			isa = PBXGroup;
			children = (
				A52E7C632625171E006A2997 /* AppDelegate.swift */,
				A52E7C792625176B006A2997 /* MainVC.swift */,
				A5563CCD2625410C008A38EF /* SubVC.swift */,
				A5563CCA26252411008A38EF /* DTProgressBar.swift */,
				A52E7C6C26251721006A2997 /* Assets.xcassets */,
				A52E7C6E26251721006A2997 /* LaunchScreen.storyboard */,
				A52E7C7126251721006A2997 /* Info.plist */,
			);
			path = NavTest;
			sourceTree = "<group>";
		};
/* End PBXGroup section */

/* Begin PBXNativeTarget section */
		A52E7C5F2625171E006A2997 /* NavTest */ = {
			isa = PBXNativeTarget;
			buildConfigurationList = A52E7C7426251721006A2997 /* Build configuration list for PBXNativeTarget "NavTest" */;
			buildPhases = (
				4C84970A8C1EE7A632EC2414 /* [CP] Check Pods Manifest.lock */,
				A52E7C5C2625171E006A2997 /* Sources */,
				A52E7C5D2625171E006A2997 /* Frameworks */,
				A52E7C5E2625171E006A2997 /* Resources */,
				4C1C33E8A8B3F01459422DC4 /* [CP] Embed Pods Frameworks */,
			);
			buildRules = (
			);
			dependencies = (
			);
			name = NavTest;
			productName = NavTest;
			productReference = A52E7C602625171E006A2997 /* NavTest.app */;
			productType = "com.apple.product-type.application";
		};
/* End PBXNativeTarget section */

/* Begin PBXProject section */
		A52E7C582625171E006A2997 /* Project object */ = {
			isa = PBXProject;
			attributes = {
				LastSwiftUpdateCheck = 1230;
				LastUpgradeCheck = 1230;
				TargetAttributes = {
					A52E7C5F2625171E006A2997 = {
						CreatedOnToolsVersion = 12.3;
					};
				};
			};
			buildConfigurationList = A52E7C5B2625171E006A2997 /* Build configuration list for PBXProject "NavTest" */;
			compatibilityVersion = "Xcode 9.3";
			developmentRegion = en;
			hasScannedForEncodings = 0;
			knownRegions = (
				en,
				Base,
			);
			mainGroup = A52E7C572625171E006A2997;
			productRefGroup = A52E7C612625171E006A2997 /* Products */;
			projectDirPath = "";
			projectRoot = "";
			targets = (
				A52E7C5F2625171E006A2997 /* NavTest */,
			);
		};
/* End PBXProject section */

/* Begin PBXResourcesBuildPhase section */
		A52E7C5E2625171E006A2997 /* Resources */ = {
			isa = PBXResourcesBuildPhase;
			buildActionMask = 2147483647;
			files = (
				A52E7C7026251721006A2997 /* LaunchScreen.storyboard in Resources */,
				A52E7C6D26251721006A2997 /* Assets.xcassets in Resources */,
			);
			runOnlyForDeploymentPostprocessing = 0;
		};
/* End PBXResourcesBuildPhase section */

/* Begin PBXShellScriptBuildPhase section */
		4C1C33E8A8B3F01459422DC4 /* [CP] Embed Pods Frameworks */ = {
			isa = PBXShellScriptBuildPhase;
			buildActionMask = 2147483647;
			files = (
			);
			inputFileListPaths = (
				"${PODS_ROOT}/Target Support Files/Pods-NavTest/Pods-NavTest-frameworks-${CONFIGURATION}-input-files.xcfilelist",
			);
			name = "[CP] Embed Pods Frameworks";
			outputFileListPaths = (
				"${PODS_ROOT}/Target Support Files/Pods-NavTest/Pods-NavTest-frameworks-${CONFIGURATION}-output-files.xcfilelist",
			);
			runOnlyForDeploymentPostprocessing = 0;
			shellPath = /bin/sh;
			shellScript = "\"${PODS_ROOT}/Target Support Files/Pods-NavTest/Pods-NavTest-frameworks.sh\"\n";
			showEnvVarsInLog = 0;
		};
		4C84970A8C1EE7A632EC2414 /* [CP] Check Pods Manifest.lock */ = {
			isa = PBXShellScriptBuildPhase;
			buildActionMask = 2147483647;
			files = (
			);
			inputFileListPaths = (
			);
			inputPaths = (
				"${PODS_PODFILE_DIR_PATH}/Podfile.lock",
				"${PODS_ROOT}/Manifest.lock",
			);
			name = "[CP] Check Pods Manifest.lock";
			outputFileListPaths = (
			);
			outputPaths = (
				"$(DERIVED_FILE_DIR)/Pods-NavTest-checkManifestLockResult.txt",
			);
			runOnlyForDeploymentPostprocessing = 0;
			shellPath = /bin/sh;
			shellScript = "diff \"${PODS_PODFILE_DIR_PATH}/Podfile.lock\" \"${PODS_ROOT}/Manifest.lock\" > /dev/null\nif [ $? != 0 ] ; then\n    # print error to STDERR\n    echo \"error: The sandbox is not in sync with the Podfile.lock. Run 'pod install' or update your CocoaPods installation.\" >&2\n    exit 1\nfi\n# This output is used by Xcode 'outputs' to avoid re-running this script phase.\necho \"SUCCESS\" > \"${SCRIPT_OUTPUT_FILE_0}\"\n";
			showEnvVarsInLog = 0;
		};
/* End PBXShellScriptBuildPhase section */

/* Begin PBXSourcesBuildPhase section */
		A52E7C5C2625171E006A2997 /* Sources */ = {
			isa = PBXSourcesBuildPhase;
			buildActionMask = 2147483647;
			files = (
				A52E7C642625171E006A2997 /* AppDelegate.swift in Sources */,
				A5563CCE2625410C008A38EF /* SubVC.swift in Sources */,
				A52E7C7A2625176B006A2997 /* MainVC.swift in Sources */,
				A5563CCB26252411008A38EF /* DTProgressBar.swift in Sources */,
			);
			runOnlyForDeploymentPostprocessing = 0;
		};
/* End PBXSourcesBuildPhase section */

/* Begin PBXVariantGroup section */
		A52E7C6E26251721006A2997 /* LaunchScreen.storyboard */ = {
			isa = PBXVariantGroup;
			children = (
				A52E7C6F26251721006A2997 /* Base */,
			);
			name = LaunchScreen.storyboard;
			sourceTree = "<group>";
		};
/* End PBXVariantGroup section */

/* Begin XCBuildConfiguration section */
		A52E7C7226251721006A2997 /* Debug */ = {
			isa = XCBuildConfiguration;
			buildSettings = {
				ALWAYS_SEARCH_USER_PATHS = NO;
				CLANG_ANALYZER_NONNULL = YES;
				CLANG_ANALYZER_NUMBER_OBJECT_CONVERSION = YES_AGGRESSIVE;
				CLANG_CXX_LANGUAGE_STANDARD = "gnu++14";
				CLANG_CXX_LIBRARY = "libc++";
				CLANG_ENABLE_MODULES = YES;
				CLANG_ENABLE_OBJC_ARC = YES;
				CLANG_ENABLE_OBJC_WEAK = YES;
				CLANG_WARN_BLOCK_CAPTURE_AUTORELEASING = YES;
				CLANG_WARN_BOOL_CONVERSION = YES;
				CLANG_WARN_COMMA = YES;
				CLANG_WARN_CONSTANT_CONVERSION = YES;
				CLANG_WARN_DEPRECATED_OBJC_IMPLEMENTATIONS = YES;
				CLANG_WARN_DIRECT_OBJC_ISA_USAGE = YES_ERROR;
				CLANG_WARN_DOCUMENTATION_COMMENTS = YES;
				CLANG_WARN_EMPTY_BODY = YES;
				CLANG_WARN_ENUM_CONVERSION = YES;
				CLANG_WARN_INFINITE_RECURSION = YES;
				CLANG_WARN_INT_CONVERSION = YES;
				CLANG_WARN_NON_LITERAL_NULL_CONVERSION = YES;
				CLANG_WARN_OBJC_IMPLICIT_RETAIN_SELF = YES;
				CLANG_WARN_OBJC_LITERAL_CONVERSION = YES;
				CLANG_WARN_OBJC_ROOT_CLASS = YES_ERROR;
				CLANG_WARN_QUOTED_INCLUDE_IN_FRAMEWORK_HEADER = YES;
				CLANG_WARN_RANGE_LOOP_ANALYSIS = YES;
				CLANG_WARN_STRICT_PROTOTYPES = YES;
				CLANG_WARN_SUSPICIOUS_MOVE = YES;
				CLANG_WARN_UNGUARDED_AVAILABILITY = YES_AGGRESSIVE;
				CLANG_WARN_UNREACHABLE_CODE = YES;
				CLANG_WARN__DUPLICATE_METHOD_MATCH = YES;
				COPY_PHASE_STRIP = NO;
				DEBUG_INFORMATION_FORMAT = dwarf;
				ENABLE_STRICT_OBJC_MSGSEND = YES;
				ENABLE_TESTABILITY = YES;
				GCC_C_LANGUAGE_STANDARD = gnu11;
				GCC_DYNAMIC_NO_PIC = NO;
				GCC_NO_COMMON_BLOCKS = YES;
				GCC_OPTIMIZATION_LEVEL = 0;
				GCC_PREPROCESSOR_DEFINITIONS = (
					"DEBUG=1",
					"$(inherited)",
				);
				GCC_WARN_64_TO_32_BIT_CONVERSION = YES;
				GCC_WARN_ABOUT_RETURN_TYPE = YES_ERROR;
				GCC_WARN_UNDECLARED_SELECTOR = YES;
				GCC_WARN_UNINITIALIZED_AUTOS = YES_AGGRESSIVE;
				GCC_WARN_UNUSED_FUNCTION = YES;
				GCC_WARN_UNUSED_VARIABLE = YES;
				IPHONEOS_DEPLOYMENT_TARGET = 14.3;
				MTL_ENABLE_DEBUG_INFO = INCLUDE_SOURCE;
				MTL_FAST_MATH = YES;
				ONLY_ACTIVE_ARCH = YES;
				SDKROOT = iphoneos;
				SWIFT_ACTIVE_COMPILATION_CONDITIONS = DEBUG;
				SWIFT_OPTIMIZATION_LEVEL = "-Onone";
			};
			name = Debug;
		};
		A52E7C7326251721006A2997 /* Release */ = {
			isa = XCBuildConfiguration;
			buildSettings = {
				ALWAYS_SEARCH_USER_PATHS = NO;
				CLANG_ANALYZER_NONNULL = YES;
				CLANG_ANALYZER_NUMBER_OBJECT_CONVERSION = YES_AGGRESSIVE;
				CLANG_CXX_LANGUAGE_STANDARD = "gnu++14";
				CLANG_CXX_LIBRARY = "libc++";
				CLANG_ENABLE_MODULES = YES;
				CLANG_ENABLE_OBJC_ARC = YES;
				CLANG_ENABLE_OBJC_WEAK = YES;
				CLANG_WARN_BLOCK_CAPTURE_AUTORELEASING = YES;
				CLANG_WARN_BOOL_CONVERSION = YES;
				CLANG_WARN_COMMA = YES;
				CLANG_WARN_CONSTANT_CONVERSION = YES;
				CLANG_WARN_DEPRECATED_OBJC_IMPLEMENTATIONS = YES;
				CLANG_WARN_DIRECT_OBJC_ISA_USAGE = YES_ERROR;
				CLANG_WARN_DOCUMENTATION_COMMENTS = YES;
				CLANG_WARN_EMPTY_BODY = YES;
				CLANG_WARN_ENUM_CONVERSION = YES;
				CLANG_WARN_INFINITE_RECURSION = YES;
				CLANG_WARN_INT_CONVERSION = YES;
				CLANG_WARN_NON_LITERAL_NULL_CONVERSION = YES;
				CLANG_WARN_OBJC_IMPLICIT_RETAIN_SELF = YES;
				CLANG_WARN_OBJC_LITERAL_CONVERSION = YES;
				CLANG_WARN_OBJC_ROOT_CLASS = YES_ERROR;
				CLANG_WARN_QUOTED_INCLUDE_IN_FRAMEWORK_HEADER = YES;
				CLANG_WARN_RANGE_LOOP_ANALYSIS = YES;
				CLANG_WARN_STRICT_PROTOTYPES = YES;
				CLANG_WARN_SUSPICIOUS_MOVE = YES;
				CLANG_WARN_UNGUARDED_AVAILABILITY = YES_AGGRESSIVE;
				CLANG_WARN_UNREACHABLE_CODE = YES;
				CLANG_WARN__DUPLICATE_METHOD_MATCH = YES;
				COPY_PHASE_STRIP = NO;
				DEBUG_INFORMATION_FORMAT = "dwarf-with-dsym";
				ENABLE_NS_ASSERTIONS = NO;
				ENABLE_STRICT_OBJC_MSGSEND = YES;
				GCC_C_LANGUAGE_STANDARD = gnu11;
				GCC_NO_COMMON_BLOCKS = YES;
				GCC_WARN_64_TO_32_BIT_CONVERSION = YES;
				GCC_WARN_ABOUT_RETURN_TYPE = YES_ERROR;
				GCC_WARN_UNDECLARED_SELECTOR = YES;
				GCC_WARN_UNINITIALIZED_AUTOS = YES_AGGRESSIVE;
				GCC_WARN_UNUSED_FUNCTION = YES;
				GCC_WARN_UNUSED_VARIABLE = YES;
				IPHONEOS_DEPLOYMENT_TARGET = 14.3;
				MTL_ENABLE_DEBUG_INFO = NO;
				MTL_FAST_MATH = YES;
				SDKROOT = iphoneos;
				SWIFT_COMPILATION_MODE = wholemodule;
				SWIFT_OPTIMIZATION_LEVEL = "-O";
				VALIDATE_PRODUCT = YES;
			};
			name = Release;
		};
		A52E7C7526251721006A2997 /* Debug */ = {
			isa = XCBuildConfiguration;
			baseConfigurationReference = 8541DAD66371DF4519D611F7 /* Pods-NavTest.debug.xcconfig */;
			buildSettings = {
				ASSETCATALOG_COMPILER_APPICON_NAME = AppIcon;
				ASSETCATALOG_COMPILER_GLOBAL_ACCENT_COLOR_NAME = AccentColor;
				CODE_SIGN_STYLE = Automatic;
				DEVELOPMENT_TEAM = VWVPB67747;
				INFOPLIST_FILE = NavTest/Info.plist;
				LD_RUNPATH_SEARCH_PATHS = (
					"$(inherited)",
					"@executable_path/Frameworks",
				);
				PRODUCT_BUNDLE_IDENTIFIER = com.alex.test.NavTest;
				PRODUCT_NAME = "$(TARGET_NAME)";
				SWIFT_VERSION = 5.0;
				TARGETED_DEVICE_FAMILY = "1,2";
			};
			name = Debug;
		};
		A52E7C7626251721006A2997 /* Release */ = {
			isa = XCBuildConfiguration;
			baseConfigurationReference = B12BCACBC130C75F08BEC382 /* Pods-NavTest.release.xcconfig */;
			buildSettings = {
				ASSETCATALOG_COMPILER_APPICON_NAME = AppIcon;
				ASSETCATALOG_COMPILER_GLOBAL_ACCENT_COLOR_NAME = AccentColor;
				CODE_SIGN_STYLE = Automatic;
				DEVELOPMENT_TEAM = VWVPB67747;
				INFOPLIST_FILE = NavTest/Info.plist;
				LD_RUNPATH_SEARCH_PATHS = (
					"$(inherited)",
					"@executable_path/Frameworks",
				);
				PRODUCT_BUNDLE_IDENTIFIER = com.alex.test.NavTest;
				PRODUCT_NAME = "$(TARGET_NAME)";
				SWIFT_VERSION = 5.0;
				TARGETED_DEVICE_FAMILY = "1,2";
			};
			name = Release;
		};
/* End XCBuildConfiguration section */

/* Begin XCConfigurationList section */
		A52E7C5B2625171E006A2997 /* Build configuration list for PBXProject "NavTest" */ = {
			isa = XCConfigurationList;
			buildConfigurations = (
				A52E7C7226251721006A2997 /* Debug */,
				A52E7C7326251721006A2997 /* Release */,
			);
			defaultConfigurationIsVisible = 0;
			defaultConfigurationName = Release;
		};
		A52E7C7426251721006A2997 /* Build configuration list for PBXNativeTarget "NavTest" */ = {
			isa = XCConfigurationList;
			buildConfigurations = (
				A52E7C7526251721006A2997 /* Debug */,
				A52E7C7626251721006A2997 /* Release */,
			);
			defaultConfigurationIsVisible = 0;
			defaultConfigurationName = Release;
		};
/* End XCConfigurationList section */
	};
	rootObject = A52E7C582625171E006A2997 /* Project object */;
}
